{
    "_readme": [
        "This file locks the dependencies of your project to a known state",
        "Read more about it at https://getcomposer.org/doc/01-basic-usage.md#installing-dependencies",
        "This file is @generated automatically"
    ],
    "content-hash": "3359bb0bc6222f79afc066c0b691b9fc",
    "packages": [
        {
            "name": "snipworks/php-smtp",
            "version": "v2.0.3",
            "source": {
                "type": "git",
                "url": "https://github.com/snipworks/php-smtp.git",
                "reference": "89bbd76c47644163466035761ca5e0b4cc1bb7dc"
            },
            "dist": {
                "type": "zip",
                "url": "https://api.github.com/repos/snipworks/php-smtp/zipball/89bbd76c47644163466035761ca5e0b4cc1bb7dc",
                "reference": "89bbd76c47644163466035761ca5e0b4cc1bb7dc",
                "shasum": ""
            },
            "require": {
                "ext-openssl": "*",
                "php": ">=5.3"
            },
            "type": "library",
            "autoload": {
                "psr-4": {
                    "Snipworks\\Smtp\\": "src/"
                }
            },
            "notification-url": "https://packagist.org/downloads/",
            "license": [
                "MIT"
            ],
            "description": "Simple PHP SMTP Mail Send Script",
            "time": "2019-05-06T17:01:09+00:00"
        },
        {
            "name": "telegram-bot/api",
            "version": "v2.3.13",
            "source": {
                "type": "git",
                "url": "https://github.com/TelegramBot/Api.git",
                "reference": "8d34f3ccd3230a9fd7c7fd9ba8ec0110a059f781"
            },
            "dist": {
                "type": "zip",
                "url": "https://api.github.com/repos/TelegramBot/Api/zipball/8d34f3ccd3230a9fd7c7fd9ba8ec0110a059f781",
                "reference": "8d34f3ccd3230a9fd7c7fd9ba8ec0110a059f781",
                "shasum": ""
            },
            "require": {
                "php": ">=5.5.0"
            },
            "require-dev": {
                "codeception/codeception": "*",
                "phpunit/phpunit": "~4.0",
                "squizlabs/php_codesniffer": "2.*"
            },
            "type": "library",
            "extra": {
                "branch-alias": {
                    "dev-master": "1.0-dev"
                }
            },
            "autoload": {
                "psr-4": {
                    "TelegramBot\\Api\\": "src"
                }
            },
            "notification-url": "https://packagist.org/downloads/",
            "license": [
                "MIT"
            ],
            "authors": [
                {
                    "name": "Ilya Gusev",
                    "email": "mail@igusev.ru",
                    "homepage": "https://php-cat.com",
                    "role": "Developer"
                }
            ],
            "description": "PHP Wrapper for Telegram Bot API",
            "homepage": "https://github.com/TelegramBot/Api",
            "keywords": [
                "bot",
                "bot api",
                "php",
                "telegram"
            ],
            "time": "2018-04-30T11:46:15+00:00"
        }
    ],
    "packages-dev": [],
    "aliases": [],
    "minimum-stability": "stable",
    "stability-flags": [],
    "prefer-stable": false,
    "prefer-lowest": false,
    "platform": [],
    "platform-dev": []
}
